{
  "nodes": {
    "nixpkgs": {
      "locked": {
        "lastModified": 1781074563,
        "narHash": "sha256-md8WlXOlfnIeHeOScMTTHFyf2d6iaTwPl2apR5EQ3P4=",
        "owner": "NixOS",
        "repo": "nixpkgs",
        "rev": "9ae611a455b90cf061d8f332b977e387bda8e1ca",
        "type": "github"
      },
      "original": {
        "owner": "NixOS",
        "ref": "nixos-unstable",
        "repo": "nixpkgs",
        "type": "github"
      }
    },
    "root": {
      "inputs": {
        "nixpkgs": "nixpkgs",
        "wl-eyes": "wl-eyes"
      }
    },
    "wl-eyes": {
      "flake": false,
      "locked": {
        "lastModified": 1781782571,
        "narHash": "sha256-TpDdDP4BJsV7VDUQjeVMBdz81OElPfpxYwKcqvc2Vvc=",
        "ref": "refs/heads/master",
        "rev": "6cd1ccb69f8a1d178337257dd79b404843feb17a",
        "revCount": 1,
        "type": "git",
        "url": "file:///home/vbvntv/Code/wl-eyes"
      },
      "original": {
        "type": "git",
        "url": "file:///home/vbvntv/Code/wl-eyes"
      }
    }
  },
  "root": "root",
  "version": 7
}
